
Microsoft Visual Studio Solution File, Format Version 12.00
# Visual Studio 15
VisualStudioVersion = 15.0.27130.2024
MinimumVisualStudioVersion = 10.0.40219.1
Project("{9A19103F-16F7-4668-BE54-9A1E7A4F7556}") = "DHCPNet", "DHCPNet\DHCPNet.csproj", "{7D16596B-DE39-4461-9A08-7D323AF7DF4A}"
EndProject
Project("{9A19103F-16F7-4668-BE54-9A1E7A4F7556}") = "Test", "UnitTest\Test.csproj", "{71933AE1-15AA-433B-93EC-ECD1B011379F}"
EndProject
Global
	GlobalSection(SolutionConfigurationPlatforms) = preSolution
		Debug|Any CPU = Debug|Any CPU
		Release|Any CPU = Release|Any CPU
	EndGlobalSection
	GlobalSection(ProjectConfigurationPlatforms) = postSolution
		{7D16596B-DE39-4461-9A08-7D323AF7DF4A}.Debug|Any CPU.ActiveCfg = Debug|Any CPU
		{7D16596B-DE39-4461-9A08-7D323AF7DF4A}.Debug|Any CPU.Build.0 = Debug|Any CPU
		{7D16596B-DE39-4461-9A08-7D323AF7DF4A}.Release|Any CPU.ActiveCfg = Release|Any CPU
		{7D16596B-DE39-4461-9A08-7D323AF7DF4A}.Release|Any CPU.Build.0 = Release|Any CPU
		{71933AE1-15AA-433B-93EC-ECD1B011379F}.Debug|Any CPU.ActiveCfg = Debug|Any CPU
		{71933AE1-15AA-433B-93EC-ECD1B011379F}.Debug|Any CPU.Build.0 = Debug|Any CPU
		{71933AE1-15AA-433B-93EC-ECD1B011379F}.Release|Any CPU.ActiveCfg = Release|Any CPU
		{71933AE1-15AA-433B-93EC-ECD1B011379F}.Release|Any CPU.Build.0 = Release|Any CPU
	EndGlobalSection
	GlobalSection(SolutionProperties) = preSolution
		HideSolutionNode = FALSE
	EndGlobalSection
	GlobalSection(ExtensibilityGlobals) = postSolution
		SolutionGuid = {B2870DF6-1CEB-4441-8047-FC4BE246311F}
	EndGlobalSection
EndGlobal
